
Microsoft Visual Studio Solution File, Format Version 12.00
# Visual Studio Version 17
VisualStudioVersion = 17.14.36603.0 d17.14
MinimumVisualStudioVersion = 10.0.40219.1
Project("{FAE04EC0-301F-11D3-BF4B-00C04F79EFBC}") = "ReserveScreenSpace", "ReserveScreenSpace.csproj", "{7B31CCA0-1F35-464C-8B68-B2483D389D1E}"
EndProject
Global
	GlobalSection(SolutionConfigurationPlatforms) = preSolution
		Debug|Any CPU = Debug|Any CPU
		Release|Any CPU = Release|Any CPU
	EndGlobalSection
	GlobalSection(ProjectConfigurationPlatforms) = postSolution
		{7B31CCA0-1F35-464C-8B68-B2483D389D1E}.Debug|Any CPU.ActiveCfg = Debug|Any CPU
		{7B31CCA0-1F35-464C-8B68-B2483D389D1E}.Debug|Any CPU.Build.0 = Debug|Any CPU
		{7B31CCA0-1F35-464C-8B68-B2483D389D1E}.Release|Any CPU.ActiveCfg = Release|Any CPU
		{7B31CCA0-1F35-464C-8B68-B2483D389D1E}.Release|Any CPU.Build.0 = Release|Any CPU
	EndGlobalSection
	GlobalSection(SolutionProperties) = preSolution
		HideSolutionNode = FALSE
	EndGlobalSection
	GlobalSection(ExtensibilityGlobals) = postSolution
		SolutionGuid = {C3CC0F04-1989-4847-B4FF-854B76B4FFA2}
	EndGlobalSection
EndGlobal
